
Microsoft Visual Studio Solution File, Format Version 11.00
# Visual Studio 2010
Project("{FAE04EC0-301F-11D3-BF4B-00C04F79EFBC}") = "O2 ImportExport OunceLabs", "O2 ImportExport OunceLabs.csproj", "{49F0878F-E643-4D19-BE27-BC4CF4D6A138}"
EndProject
Global
	GlobalSection(SolutionConfigurationPlatforms) = preSolution
		Debug|Any CPU = Debug|Any CPU
		Release|Any CPU = Release|Any CPU
	EndGlobalSection
	GlobalSection(ProjectConfigurationPlatforms) = postSolution
		{49F0878F-E643-4D19-BE27-BC4CF4D6A138}.Debug|Any CPU.ActiveCfg = Debug|Any CPU
		{49F0878F-E643-4D19-BE27-BC4CF4D6A138}.Debug|Any CPU.Build.0 = Debug|Any CPU
		{49F0878F-E643-4D19-BE27-BC4CF4D6A138}.Release|Any CPU.ActiveCfg = Release|Any CPU
		{49F0878F-E643-4D19-BE27-BC4CF4D6A138}.Release|Any CPU.Build.0 = Release|Any CPU
	EndGlobalSection
	GlobalSection(SolutionProperties) = preSolution
		HideSolutionNode = FALSE
	EndGlobalSection
EndGlobal
