
Microsoft Visual Studio Solution File, Format Version 11.00
# Visual Studio 2010
Project("{FAE04EC0-301F-11D3-BF4B-00C04F79EFBC}") = "O2_Core_XRules", "O2_Core_XRules.csproj", "{E5CB533C-DA98-408E-B021-171293AAAE3E}"
EndProject
Project("{FAE04EC0-301F-11D3-BF4B-00C04F79EFBC}") = "O2_External_O2Mono", "..\O2_External_O2Mono\O2_External_O2Mono.csproj", "{F457A7EB-A573-41BB-BC12-61ABE5ACF702}"
EndProject
Project("{FAE04EC0-301F-11D3-BF4B-00C04F79EFBC}") = "FluentSharp.WinForms", "..\..\FluentSharp\FluentSharp.WinForms\FluentSharp.WinForms.csproj", "{DF7E73CB-02AC-4689-BB8C-AC21FFCCDDC5}"
EndProject
Project("{FAE04EC0-301F-11D3-BF4B-00C04F79EFBC}") = "FluentSharp.CoreLib", "..\..\FluentSharp\FluentSharp.CoreLib\FluentSharp.CoreLib.csproj", "{0A7CE0E0-B092-43B5-AB80-99BA909019C9}"
EndProject
Project("{2150E333-8FDC-42A3-9474-1A3956D46DE8}") = "FluentSharp Projects", "FluentSharp Projects", "{3315FCAB-13A3-462A-B2C2-3EB18E44ADE2}"
EndProject
Project("{FAE04EC0-301F-11D3-BF4B-00C04F79EFBC}") = "FluentSharp.REPL", "..\..\FluentSharp\FluentSharp.REPL\FluentSharp.REPL.csproj", "{D742BBEF-BFDC-477F-9880-5E0E2C89B6B2}"
EndProject
Project("{FAE04EC0-301F-11D3-BF4B-00C04F79EFBC}") = "FluentSharp_Fork.SharpDevelopEditor", "..\..\FluentSharp\FluentSharp_Fork.SharpDevelopEditor\FluentSharp_Fork.SharpDevelopEditor.csproj", "{329E0FB8-8AB1-41FD-BE38-3C2FF0B35A50}"
EndProject
Global
	GlobalSection(SolutionConfigurationPlatforms) = preSolution
		Debug|Any CPU = Debug|Any CPU
		Publish to Deploy|Any CPU = Publish to Deploy|Any CPU
		Release|Any CPU = Release|Any CPU
	EndGlobalSection
	GlobalSection(ProjectConfigurationPlatforms) = postSolution
		{E5CB533C-DA98-408E-B021-171293AAAE3E}.Debug|Any CPU.ActiveCfg = Debug|Any CPU
		{E5CB533C-DA98-408E-B021-171293AAAE3E}.Debug|Any CPU.Build.0 = Debug|Any CPU
		{E5CB533C-DA98-408E-B021-171293AAAE3E}.Publish to Deploy|Any CPU.ActiveCfg = Release|Any CPU
		{E5CB533C-DA98-408E-B021-171293AAAE3E}.Publish to Deploy|Any CPU.Build.0 = Release|Any CPU
		{E5CB533C-DA98-408E-B021-171293AAAE3E}.Release|Any CPU.ActiveCfg = Release|Any CPU
		{E5CB533C-DA98-408E-B021-171293AAAE3E}.Release|Any CPU.Build.0 = Release|Any CPU
		{F457A7EB-A573-41BB-BC12-61ABE5ACF702}.Debug|Any CPU.ActiveCfg = Debug|Any CPU
		{F457A7EB-A573-41BB-BC12-61ABE5ACF702}.Debug|Any CPU.Build.0 = Debug|Any CPU
		{F457A7EB-A573-41BB-BC12-61ABE5ACF702}.Publish to Deploy|Any CPU.ActiveCfg = Release|Any CPU
		{F457A7EB-A573-41BB-BC12-61ABE5ACF702}.Publish to Deploy|Any CPU.Build.0 = Release|Any CPU
		{F457A7EB-A573-41BB-BC12-61ABE5ACF702}.Release|Any CPU.ActiveCfg = Release|Any CPU
		{F457A7EB-A573-41BB-BC12-61ABE5ACF702}.Release|Any CPU.Build.0 = Release|Any CPU
		{DF7E73CB-02AC-4689-BB8C-AC21FFCCDDC5}.Debug|Any CPU.ActiveCfg = Debug|Any CPU
		{DF7E73CB-02AC-4689-BB8C-AC21FFCCDDC5}.Debug|Any CPU.Build.0 = Debug|Any CPU
		{DF7E73CB-02AC-4689-BB8C-AC21FFCCDDC5}.Publish to Deploy|Any CPU.ActiveCfg = Release|Any CPU
		{DF7E73CB-02AC-4689-BB8C-AC21FFCCDDC5}.Publish to Deploy|Any CPU.Build.0 = Release|Any CPU
		{DF7E73CB-02AC-4689-BB8C-AC21FFCCDDC5}.Release|Any CPU.ActiveCfg = Release|Any CPU
		{DF7E73CB-02AC-4689-BB8C-AC21FFCCDDC5}.Release|Any CPU.Build.0 = Release|Any CPU
		{0A7CE0E0-B092-43B5-AB80-99BA909019C9}.Debug|Any CPU.ActiveCfg = Debug|Any CPU
		{0A7CE0E0-B092-43B5-AB80-99BA909019C9}.Debug|Any CPU.Build.0 = Debug|Any CPU
		{0A7CE0E0-B092-43B5-AB80-99BA909019C9}.Publish to Deploy|Any CPU.ActiveCfg = Release|Any CPU
		{0A7CE0E0-B092-43B5-AB80-99BA909019C9}.Publish to Deploy|Any CPU.Build.0 = Release|Any CPU
		{0A7CE0E0-B092-43B5-AB80-99BA909019C9}.Release|Any CPU.ActiveCfg = Release|Any CPU
		{0A7CE0E0-B092-43B5-AB80-99BA909019C9}.Release|Any CPU.Build.0 = Release|Any CPU
		{D742BBEF-BFDC-477F-9880-5E0E2C89B6B2}.Debug|Any CPU.ActiveCfg = Debug|Any CPU
		{D742BBEF-BFDC-477F-9880-5E0E2C89B6B2}.Debug|Any CPU.Build.0 = Debug|Any CPU
		{D742BBEF-BFDC-477F-9880-5E0E2C89B6B2}.Publish to Deploy|Any CPU.ActiveCfg = Release|Any CPU
		{D742BBEF-BFDC-477F-9880-5E0E2C89B6B2}.Publish to Deploy|Any CPU.Build.0 = Release|Any CPU
		{D742BBEF-BFDC-477F-9880-5E0E2C89B6B2}.Release|Any CPU.ActiveCfg = Release|Any CPU
		{D742BBEF-BFDC-477F-9880-5E0E2C89B6B2}.Release|Any CPU.Build.0 = Release|Any CPU
		{329E0FB8-8AB1-41FD-BE38-3C2FF0B35A50}.Debug|Any CPU.ActiveCfg = Debug|Any CPU
		{329E0FB8-8AB1-41FD-BE38-3C2FF0B35A50}.Debug|Any CPU.Build.0 = Debug|Any CPU
		{329E0FB8-8AB1-41FD-BE38-3C2FF0B35A50}.Publish to Deploy|Any CPU.ActiveCfg = Release|Any CPU
		{329E0FB8-8AB1-41FD-BE38-3C2FF0B35A50}.Publish to Deploy|Any CPU.Build.0 = Release|Any CPU
		{329E0FB8-8AB1-41FD-BE38-3C2FF0B35A50}.Release|Any CPU.ActiveCfg = Release|Any CPU
		{329E0FB8-8AB1-41FD-BE38-3C2FF0B35A50}.Release|Any CPU.Build.0 = Release|Any CPU
	EndGlobalSection
	GlobalSection(SolutionProperties) = preSolution
		HideSolutionNode = FALSE
	EndGlobalSection
	GlobalSection(NestedProjects) = preSolution
		{0A7CE0E0-B092-43B5-AB80-99BA909019C9} = {3315FCAB-13A3-462A-B2C2-3EB18E44ADE2}
		{DF7E73CB-02AC-4689-BB8C-AC21FFCCDDC5} = {3315FCAB-13A3-462A-B2C2-3EB18E44ADE2}
		{D742BBEF-BFDC-477F-9880-5E0E2C89B6B2} = {3315FCAB-13A3-462A-B2C2-3EB18E44ADE2}
		{329E0FB8-8AB1-41FD-BE38-3C2FF0B35A50} = {3315FCAB-13A3-462A-B2C2-3EB18E44ADE2}
	EndGlobalSection
EndGlobal
